{
  "name": "dht-size-up",
  "version": "1.0.0",
  "lockfileVersion": 1,
  "requires": true,
  "dependencies": {
    "blake2b": {
      "version": "2.1.3",
      "resolved": "https://registry.npmjs.org/blake2b/-/blake2b-2.1.3.tgz",
      "integrity": "sha512-pkDss4xFVbMb4270aCyGD3qLv92314Et+FsKzilCLxDz5DuZ2/1g3w4nmBbu6nKApPspnjG7JcwTjGZnduB1yg==",
      "dev": true,
      "requires": {
        "blake2b-wasm": "^1.1.0",
        "nanoassert": "^1.0.0"
      }
    },
    "blake2b-wasm": {
      "version": "1.1.7",
      "resolved": "https://registry.npmjs.org/blake2b-wasm/-/blake2b-wasm-1.1.7.tgz",
      "integrity": "sha512-oFIHvXhlz/DUgF0kq5B1CqxIDjIJwh9iDeUUGQUcvgiGz7Wdw03McEO7CfLBy7QKGdsydcMCgO9jFNBAFCtFcA==",
      "dev": true,
      "requires": {
        "nanoassert": "^1.0.0"
      }
    },
    "codecs": {
      "version": "2.1.0",
      "resolved": "https://registry.npmjs.org/codecs/-/codecs-2.1.0.tgz",
      "integrity": "sha512-nSWYToViFEpZXOxhtMQ6IDs76TN9xKIkHOu1KCr/iFiBcgzKuY1AFPZktuXN8r82FbZ/TXP9fwITszLgcp3eQg==",
      "dev": true
    },
    "dht-rpc": {
      "version": "4.9.0",
      "resolved": "https://registry.npmjs.org/dht-rpc/-/dht-rpc-4.9.0.tgz",
      "integrity": "sha512-FvIdg9WXJ+n3nrlg965oP51qg8pssBAhV810VAi66pib+MHKvbPZYcceD9ZQgSfPCaF1YuwhEJIz3dfnT0drYA==",
      "dev": true,
      "requires": {
        "codecs": "^2.0.0",
        "ipv4-peers": "^2.0.0",
        "k-bucket": "^5.0.0",
        "protocol-buffers-encodings": "^1.1.0",
        "sodium-universal": "^2.0.0",
        "speedometer": "^1.1.0",
        "stream-collector": "^1.0.1",
        "time-ordered-set": "^1.0.1",
        "xor-distance": "^2.0.0"
      }
    },
    "ini": {
      "version": "1.3.8",
      "resolved": "https://registry.npmjs.org/ini/-/ini-1.3.8.tgz",
      "integrity": "sha512-JV/yugV2uzW5iMRSiZAyDtQd+nxtUnjeLt0acNdw98kKLrvuRVyB80tsREOE7yvGVgalhZ6RNXCmEHkUKBKxew==",
      "dev": true,
      "optional": true
    },
    "ipv4-peers": {
      "version": "2.0.0",
      "resolved": "https://registry.npmjs.org/ipv4-peers/-/ipv4-peers-2.0.0.tgz",
      "integrity": "sha512-6ZMWB3JnCWT0gISUkzChcUEkJS6+LpGRU3h10f9Mfc0usVmyIcbcTN9+QPMg29gLOY8WtaKFbM5ME8qNySoh8g==",
      "dev": true
    },
    "k-bucket": {
      "version": "5.0.0",
      "resolved": "https://registry.npmjs.org/k-bucket/-/k-bucket-5.0.0.tgz",
      "integrity": "sha512-r/q+wV/Kde62/tk+rqyttEJn6h0jR7x+incdMVSYTqK73zVxVrzJa70kJL49cIKen8XjIgUZKSvk8ktnrQbK4w==",
      "dev": true,
      "requires": {
        "randombytes": "^2.0.3"
      }
    },
    "nan": {
      "version": "2.14.1",
      "resolved": "https://registry.npmjs.org/nan/-/nan-2.14.1.tgz",
      "integrity": "sha512-isWHgVjnFjh2x2yuJ/tj3JbwoHu3UC2dX5G/88Cm24yB6YopVgxvBObDY7n5xW6ExmFhJpSEQqFPvq9zaXc8Jw==",
      "dev": true,
      "optional": true
    },
    "nanoassert": {
      "version": "1.1.0",
      "resolved": "https://registry.npmjs.org/nanoassert/-/nanoassert-1.1.0.tgz",
      "integrity": "sha1-TzFS4JVA/eKMdvRLGbvNHVpCR40=",
      "dev": true
    },
    "node-gyp-build": {
      "version": "4.2.2",
      "resolved": "https://registry.npmjs.org/node-gyp-build/-/node-gyp-build-4.2.2.tgz",
      "integrity": "sha512-Lqh7mrByWCM8Cf9UPqpeoVBBo5Ugx+RKu885GAzmLBVYjeywScxHXPGLa4JfYNZmcNGwzR0Glu5/9GaQZMFqyA==",
      "dev": true,
      "optional": true
    },
    "once": {
      "version": "1.4.0",
      "resolved": "https://registry.npmjs.org/once/-/once-1.4.0.tgz",
      "integrity": "sha1-WDsap3WWHUsROsF9nFC6753Xa9E=",
      "dev": true,
      "requires": {
        "wrappy": "1"
      }
    },
    "protocol-buffers-encodings": {
      "version": "1.1.0",
      "resolved": "https://registry.npmjs.org/protocol-buffers-encodings/-/protocol-buffers-encodings-1.1.0.tgz",
      "integrity": "sha512-SmjEuAf3hc3h3rWZ6V1YaaQw2MNJWK848gLJgzx/sefOJdNLujKinJVXIS0q2cBQpQn2Q32TinawZyDZPzm4kQ==",
      "dev": true,
      "requires": {
        "signed-varint": "^2.0.1",
        "varint": "^5.0.0"
      }
    },
    "randombytes": {
      "version": "2.1.0",
      "resolved": "https://registry.npmjs.org/randombytes/-/randombytes-2.1.0.tgz",
      "integrity": "sha512-vYl3iOX+4CKUWuxGi9Ukhie6fsqXqS9FE2Zaic4tNFD2N2QQaXOMFbuKK4QmDHC0JO6B1Zp41J0LpT0oR68amQ==",
      "dev": true,
      "requires": {
        "safe-buffer": "^5.1.0"
      }
    },
    "safe-buffer": {
      "version": "5.2.1",
      "resolved": "https://registry.npmjs.org/safe-buffer/-/safe-buffer-5.2.1.tgz",
      "integrity": "sha512-rp3So07KcdmmKbGvgaNxQSJr7bGVSVk5S9Eq1F+ppbRo70+YeaDxkw5Dd8NPN+GD6bjnYm2VuPuCXmpuYvmCXQ==",
      "dev": true
    },
    "sha256-wasm": {
      "version": "1.2.3",
      "resolved": "https://registry.npmjs.org/sha256-wasm/-/sha256-wasm-1.2.3.tgz",
      "integrity": "sha512-9ULDSeBDSk+RxIZt6mPT5xZgSbVGhmircWFv+EN/m5ME/s31NJCKR8NoqHtfV4R2WLKA7MV08pkKS9rCHXnn0Q==",
      "requires": {
        "nanoassert": "^2.0.0"
      },
      "dependencies": {
        "nanoassert": {
          "version": "2.0.0",
          "resolved": "https://registry.npmjs.org/nanoassert/-/nanoassert-2.0.0.tgz",
          "integrity": "sha512-7vO7n28+aYO4J+8w96AzhmU8G+Y/xpPDJz/se19ICsqj/momRbb9mh9ZUtkoJ5X3nTnPdhEJyc0qnM6yAsHBaA=="
        }
      }
    },
    "signed-varint": {
      "version": "2.0.1",
      "resolved": "https://registry.npmjs.org/signed-varint/-/signed-varint-2.0.1.tgz",
      "integrity": "sha1-UKmYnafJjCxh2tEZvJdHDvhSgSk=",
      "dev": true,
      "requires": {
        "varint": "~5.0.0"
      }
    },
    "siphash24": {
      "version": "1.1.1",
      "resolved": "https://registry.npmjs.org/siphash24/-/siphash24-1.1.1.tgz",
      "integrity": "sha512-dKKwjIoTOa587TARYLlBRXq2lkbu5Iz35XrEVWpelhBP1m8r2BGOy1QlaZe84GTFHG/BTucEUd2btnNc8QzIVA==",
      "dev": true,
      "requires": {
        "nanoassert": "^1.0.0"
      }
    },
    "sodium-javascript": {
      "version": "0.5.6",
      "resolved": "https://registry.npmjs.org/sodium-javascript/-/sodium-javascript-0.5.6.tgz",
      "integrity": "sha512-Uk+JpqHEbzsEmiMxwL7TB/ndhMEpc52KdReYXXSIX2oRFPaI7ZDlDImF8KbkFWbYl9BJRtc82AZ/kNf4/0n9KA==",
      "dev": true,
      "requires": {
        "blake2b": "^2.1.1",
        "nanoassert": "^1.0.0",
        "siphash24": "^1.0.1",
        "xsalsa20": "^1.0.0"
      }
    },
    "sodium-native": {
      "version": "2.4.9",
      "resolved": "https://registry.npmjs.org/sodium-native/-/sodium-native-2.4.9.tgz",
      "integrity": "sha512-mbkiyA2clyfwAyOFIzMvsV6ny2KrKEIhFVASJxWfsmgfUEymgLIS2MLHHcGIQMkrcKhPErRaMR5Dzv0EEn+BWg==",
      "dev": true,
      "optional": true,
      "requires": {
        "ini": "^1.3.5",
        "nan": "^2.14.0",
        "node-gyp-build": "^4.1.0"
      }
    },
    "sodium-universal": {
      "version": "2.0.0",
      "resolved": "https://registry.npmjs.org/sodium-universal/-/sodium-universal-2.0.0.tgz",
      "integrity": "sha512-csdVyakzHJRyCevY4aZC2Eacda8paf+4nmRGF2N7KxCLKY2Ajn72JsExaQlJQ2BiXJncp44p3T+b80cU+2TTsg==",
      "dev": true,
      "requires": {
        "sodium-javascript": "~0.5.0",
        "sodium-native": "^2.0.0"
      }
    },
    "speedometer": {
      "version": "1.1.0",
      "resolved": "https://registry.npmjs.org/speedometer/-/speedometer-1.1.0.tgz",
      "integrity": "sha512-z/wAiTESw2XVPssY2XRcme4niTc4S5FkkJ4gknudtVoc33Zil8TdTxHy5torRcgqMqksJV2Yz8HQcvtbsnw0mQ==",
      "dev": true
    },
    "stream-collector": {
      "version": "1.0.1",
      "resolved": "https://registry.npmjs.org/stream-collector/-/stream-collector-1.0.1.tgz",
      "integrity": "sha1-TU5V8XE1YSGyxfZVn5RHBaso2xU=",
      "dev": true,
      "requires": {
        "once": "^1.3.1"
      }
    },
    "time-ordered-set": {
      "version": "1.0.2",
      "resolved": "https://registry.npmjs.org/time-ordered-set/-/time-ordered-set-1.0.2.tgz",
      "integrity": "sha512-vGO99JkxvgX+u+LtOKQEpYf31Kj3i/GNwVstfnh4dyINakMgeZCpew1e3Aj+06hEslhtHEd52g7m5IV+o1K8Mw==",
      "dev": true
    },
    "varint": {
      "version": "5.0.0",
      "resolved": "https://registry.npmjs.org/varint/-/varint-5.0.0.tgz",
      "integrity": "sha1-2Ca4n3SQcy+rwMDtaT7Uddyynr8=",
      "dev": true
    },
    "wrappy": {
      "version": "1.0.2",
      "resolved": "https://registry.npmjs.org/wrappy/-/wrappy-1.0.2.tgz",
      "integrity": "sha1-tSQ9jz7BqjXxNkYFvA0QNuMKtp8=",
      "dev": true
    },
    "xor-distance": {
      "version": "2.0.0",
      "resolved": "https://registry.npmjs.org/xor-distance/-/xor-distance-2.0.0.tgz",
      "integrity": "sha512-AsAqZfPAuWx7qB/0kyRDUEvoU3QKsHWzHU9smFlkaiprEpGfJ/NBbLze2Uq0rdkxCxkNM9uOLvz/KoNBCbZiLQ==",
      "dev": true
    },
    "xsalsa20": {
      "version": "1.1.0",
      "resolved": "https://registry.npmjs.org/xsalsa20/-/xsalsa20-1.1.0.tgz",
      "integrity": "sha512-zd3ytX2cm+tcSndRU+krm0eL4TMMpZE7evs5hLRAoOy6gviqLfe3qOlkjF3i5SeAkQUCeJk0lJZrEU56kHRfWw==",
      "dev": true
    }
  }
}
